// !$*UTF8*$!
{
	archiveVersion = 1;
	classes = {
	};
	objectVersion = 46;
	objects = {

/* Begin PBXAggregateTarget section */
		000BF0351E150912004EA6C8 /* Comman */ = {
			isa = PBXAggregateTarget;
			buildConfigurationList = 000BF0381E150912004EA6C8 /* Build configuration list for PBXAggregateTarget "Comman" */;
			buildPhases = (
				000BF0391E15091B004EA6C8 /* ShellScript */,
			);
			dependencies = (
			);
			name = Comman;
			productName = Comman;
		};
/* End PBXAggregateTarget section */

/* Begin PBXBuildFile section */
		1249A1071C2BBFA100212C5D /* BindSamplesTableViewController.swift in Sources */ = {isa = PBXBuildFile; fileRef = 1249A1061C2BBFA100212C5D /* BindSamplesTableViewController.swift */; };
		1249A1091C2BE5EB00212C5D /* sample-gif.xcassets in Resources */ = {isa = PBXBuildFile; fileRef = 1249A1081C2BE5EB00212C5D /* sample-gif.xcassets */; };
		126ABE081C2AD8CF004F3E48 /* GIFRefreshAnimator.swift in Sources */ = {isa = PBXBuildFile; fileRef = 126ABE071C2AD8CF004F3E48 /* GIFRefreshAnimator.swift */; };
		126ABE0A1C2AD8DD004F3E48 /* GIFInfinityAnimator.swift in Sources */ = {isa = PBXBuildFile; fileRef = 126ABE091C2AD8DD004F3E48 /* GIFInfinityAnimator.swift */; };
		126ABE0E1C2AD934004F3E48 /* NormalRefreshAnimator.swift in Sources */ = {isa = PBXBuildFile; fileRef = 126ABE0D1C2AD934004F3E48 /* NormalRefreshAnimator.swift */; };
		126ABE101C2AD941004F3E48 /* NormalInfinityAnimator.swift in Sources */ = {isa = PBXBuildFile; fileRef = 126ABE0F1C2AD941004F3E48 /* NormalInfinityAnimator.swift */; };
		128EE1431C98301700FDCDA0 /* ArrowRefreshAnimator.swift in Sources */ = {isa = PBXBuildFile; fileRef = 128EE13B1C98301700FDCDA0 /* ArrowRefreshAnimator.swift */; };
		128EE1441C98301700FDCDA0 /* SnakeInfinityAnimator.swift in Sources */ = {isa = PBXBuildFile; fileRef = 128EE13E1C98301700FDCDA0 /* SnakeInfinityAnimator.swift */; };
		128EE1451C98301700FDCDA0 /* SnakeRefreshAnimator.swift in Sources */ = {isa = PBXBuildFile; fileRef = 128EE13F1C98301700FDCDA0 /* SnakeRefreshAnimator.swift */; };
		128EE1461C98301700FDCDA0 /* SparkInfinityAnimator.swift in Sources */ = {isa = PBXBuildFile; fileRef = 128EE1411C98301700FDCDA0 /* SparkInfinityAnimator.swift */; };
		128EE1471C98301700FDCDA0 /* SparkRefreshAnimator.swift in Sources */ = {isa = PBXBuildFile; fileRef = 128EE1421C98301700FDCDA0 /* SparkRefreshAnimator.swift */; };
		128EE14A1C98306800FDCDA0 /* CircleInfinityAnimator.swift in Sources */ = {isa = PBXBuildFile; fileRef = 128EE1481C98306800FDCDA0 /* CircleInfinityAnimator.swift */; };
		128EE14B1C98306800FDCDA0 /* CircleRefreshAnimator.swift in Sources */ = {isa = PBXBuildFile; fileRef = 128EE1491C98306800FDCDA0 /* CircleRefreshAnimator.swift */; };
		129972A41C2A77C80093828B /* DefaultInfinityAnimator.swift in Sources */ = {isa = PBXBuildFile; fileRef = 129972A21C2A77C80093828B /* DefaultInfinityAnimator.swift */; };
		129972A51C2A77C80093828B /* DefaultRefreshAnimator.swift in Sources */ = {isa = PBXBuildFile; fileRef = 129972A31C2A77C80093828B /* DefaultRefreshAnimator.swift */; };
		12EA49511C292FA900FDD8F4 /* Main1TableViewController.swift in Sources */ = {isa = PBXBuildFile; fileRef = 12EA49501C292FA900FDD8F4 /* Main1TableViewController.swift */; };
		12EA49591C29322300FDD8F4 /* Main2TableViewController.swift in Sources */ = {isa = PBXBuildFile; fileRef = 12EA49581C29322300FDD8F4 /* Main2TableViewController.swift */; };
		12EA495B1C29323100FDD8F4 /* AddSamplesTableViewController.swift in Sources */ = {isa = PBXBuildFile; fileRef = 12EA495A1C29323100FDD8F4 /* AddSamplesTableViewController.swift */; };
		12EFE0E61C27BD5800242079 /* AppDelegate.swift in Sources */ = {isa = PBXBuildFile; fileRef = 12EFE0E51C27BD5800242079 /* AppDelegate.swift */; };
		12EFE0EB1C27BD5800242079 /* Main.storyboard in Resources */ = {isa = PBXBuildFile; fileRef = 12EFE0E91C27BD5800242079 /* Main.storyboard */; };
		12EFE0ED1C27BD5800242079 /* Assets.xcassets in Resources */ = {isa = PBXBuildFile; fileRef = 12EFE0EC1C27BD5800242079 /* Assets.xcassets */; };
		12EFE0F01C27BD5900242079 /* LaunchScreen.storyboard in Resources */ = {isa = PBXBuildFile; fileRef = 12EFE0EE1C27BD5900242079 /* LaunchScreen.storyboard */; };
		12EFE0FB1C27BD5900242079 /* InfinitySampleTests.swift in Sources */ = {isa = PBXBuildFile; fileRef = 12EFE0FA1C27BD5900242079 /* InfinitySampleTests.swift */; };
		12EFE10D1C27BD6A00242079 /* Infinity.h in Headers */ = {isa = PBXBuildFile; fileRef = 12EFE10C1C27BD6A00242079 /* Infinity.h */; settings = {ATTRIBUTES = (Public, ); }; };
		12EFE1141C27BD6A00242079 /* Infinity.framework in Frameworks */ = {isa = PBXBuildFile; fileRef = 12EFE10A1C27BD6A00242079 /* Infinity.framework */; };
		12EFE11B1C27BD6A00242079 /* InfinityTests.swift in Sources */ = {isa = PBXBuildFile; fileRef = 12EFE11A1C27BD6A00242079 /* InfinityTests.swift */; };
		12EFE11F1C27BD6A00242079 /* Infinity.framework in Frameworks */ = {isa = PBXBuildFile; fileRef = 12EFE10A1C27BD6A00242079 /* Infinity.framework */; };
		12EFE1201C27BD6A00242079 /* Infinity.framework in Embed Frameworks */ = {isa = PBXBuildFile; fileRef = 12EFE10A1C27BD6A00242079 /* Infinity.framework */; settings = {ATTRIBUTES = (CodeSignOnCopy, RemoveHeadersOnCopy, ); }; };
		12EFE1291C27BD7A00242079 /* UIScrollView+Infinity.swift in Sources */ = {isa = PBXBuildFile; fileRef = 12EFE1281C27BD7A00242079 /* UIScrollView+Infinity.swift */; };
		12EFE12B1C27BDE300242079 /* PullToRefresher.swift in Sources */ = {isa = PBXBuildFile; fileRef = 12EFE12A1C27BDE300242079 /* PullToRefresher.swift */; };
		12EFE12D1C27BDED00242079 /* InfiniteScroller.swift in Sources */ = {isa = PBXBuildFile; fileRef = 12EFE12C1C27BDED00242079 /* InfiniteScroller.swift */; };
/* End PBXBuildFile section */

/* Begin PBXContainerItemProxy section */
		12EFE0F71C27BD5900242079 /* PBXContainerItemProxy */ = {
			isa = PBXContainerItemProxy;
			containerPortal = 12EFE0DA1C27BD5800242079 /* Project object */;
			proxyType = 1;
			remoteGlobalIDString = 12EFE0E11C27BD5800242079;
			remoteInfo = InfinitySample;
		};
		12EFE1151C27BD6A00242079 /* PBXContainerItemProxy */ = {
			isa = PBXContainerItemProxy;
			containerPortal = 12EFE0DA1C27BD5800242079 /* Project object */;
			proxyType = 1;
			remoteGlobalIDString = 12EFE1091C27BD6A00242079;
			remoteInfo = Infinity;
		};
		12EFE1171C27BD6A00242079 /* PBXContainerItemProxy */ = {
			isa = PBXContainerItemProxy;
			containerPortal = 12EFE0DA1C27BD5800242079 /* Project object */;
			proxyType = 1;
			remoteGlobalIDString = 12EFE0E11C27BD5800242079;
			remoteInfo = InfinitySample;
		};
		12EFE11D1C27BD6A00242079 /* PBXContainerItemProxy */ = {
			isa = PBXContainerItemProxy;
			containerPortal = 12EFE0DA1C27BD5800242079 /* Project object */;
			proxyType = 1;
			remoteGlobalIDString = 12EFE1091C27BD6A00242079;
			remoteInfo = Infinity;
		};
/* End PBXContainerItemProxy section */

/* Begin PBXCopyFilesBuildPhase section */
		12EFE1241C27BD6A00242079 /* Embed Frameworks */ = {
			isa = PBXCopyFilesBuildPhase;
			buildActionMask = 2147483647;
			dstPath = "";
			dstSubfolderSpec = 10;
			files = (
				12EFE1201C27BD6A00242079 /* Infinity.framework in Embed Frameworks */,
			);
			name = "Embed Frameworks";
			runOnlyForDeploymentPostprocessing = 0;
		};
/* End PBXCopyFilesBuildPhase section */

/* Begin PBXFileReference section */
		1249A1061C2BBFA100212C5D /* BindSamplesTableViewController.swift */ = {isa = PBXFileReference; fileEncoding = 4; lastKnownFileType = sourcecode.swift; path = BindSamplesTableViewController.swift; sourceTree = "<group>"; };
		1249A1081C2BE5EB00212C5D /* sample-gif.xcassets */ = {isa = PBXFileReference; lastKnownFileType = folder.assetcatalog; path = "sample-gif.xcassets"; sourceTree = "<group>"; };
		126ABE071C2AD8CF004F3E48 /* GIFRefreshAnimator.swift */ = {isa = PBXFileReference; fileEncoding = 4; lastKnownFileType = sourcecode.swift; path = GIFRefreshAnimator.swift; sourceTree = "<group>"; };
		126ABE091C2AD8DD004F3E48 /* GIFInfinityAnimator.swift */ = {isa = PBXFileReference; fileEncoding = 4; lastKnownFileType = sourcecode.swift; path = GIFInfinityAnimator.swift; sourceTree = "<group>"; };
		126ABE0D1C2AD934004F3E48 /* NormalRefreshAnimator.swift */ = {isa = PBXFileReference; fileEncoding = 4; lastKnownFileType = sourcecode.swift; path = NormalRefreshAnimator.swift; sourceTree = "<group>"; };
		126ABE0F1C2AD941004F3E48 /* NormalInfinityAnimator.swift */ = {isa = PBXFileReference; fileEncoding = 4; lastKnownFileType = sourcecode.swift; path = NormalInfinityAnimator.swift; sourceTree = "<group>"; };
		128EE13B1C98301700FDCDA0 /* ArrowRefreshAnimator.swift */ = {isa = PBXFileReference; fileEncoding = 4; lastKnownFileType = sourcecode.swift; path = ArrowRefreshAnimator.swift; sourceTree = "<group>"; };
		128EE13E1C98301700FDCDA0 /* SnakeInfinityAnimator.swift */ = {isa = PBXFileReference; fileEncoding = 4; lastKnownFileType = sourcecode.swift; path = SnakeInfinityAnimator.swift; sourceTree = "<group>"; };
		128EE13F1C98301700FDCDA0 /* SnakeRefreshAnimator.swift */ = {isa = PBXFileReference; fileEncoding = 4; lastKnownFileType = sourcecode.swift; path = SnakeRefreshAnimator.swift; sourceTree = "<group>"; };
		128EE1411C98301700FDCDA0 /* SparkInfinityAnimator.swift */ = {isa = PBXFileReference; fileEncoding = 4; lastKnownFileType = sourcecode.swift; path = SparkInfinityAnimator.swift; sourceTree = "<group>"; };
		128EE1421C98301700FDCDA0 /* SparkRefreshAnimator.swift */ = {isa = PBXFileReference; fileEncoding = 4; lastKnownFileType = sourcecode.swift; path = SparkRefreshAnimator.swift; sourceTree = "<group>"; };
		128EE1481C98306800FDCDA0 /* CircleInfinityAnimator.swift */ = {isa = PBXFileReference; fileEncoding = 4; lastKnownFileType = sourcecode.swift; path = CircleInfinityAnimator.swift; sourceTree = "<group>"; };
		128EE1491C98306800FDCDA0 /* CircleRefreshAnimator.swift */ = {isa = PBXFileReference; fileEncoding = 4; lastKnownFileType = sourcecode.swift; path = CircleRefreshAnimator.swift; sourceTree = "<group>"; };
		129972A21C2A77C80093828B /* DefaultInfinityAnimator.swift */ = {isa = PBXFileReference; fileEncoding = 4; lastKnownFileType = sourcecode.swift; path = DefaultInfinityAnimator.swift; sourceTree = "<group>"; };
		129972A31C2A77C80093828B /* DefaultRefreshAnimator.swift */ = {isa = PBXFileReference; fileEncoding = 4; lastKnownFileType = sourcecode.swift; path = DefaultRefreshAnimator.swift; sourceTree = "<group>"; };
		12EA49501C292FA900FDD8F4 /* Main1TableViewController.swift */ = {isa = PBXFileReference; fileEncoding = 4; lastKnownFileType = sourcecode.swift; path = Main1TableViewController.swift; sourceTree = "<group>"; };
		12EA49581C29322300FDD8F4 /* Main2TableViewController.swift */ = {isa = PBXFileReference; fileEncoding = 4; lastKnownFileType = sourcecode.swift; path = Main2TableViewController.swift; sourceTree = "<group>"; };
		12EA495A1C29323100FDD8F4 /* AddSamplesTableViewController.swift */ = {isa = PBXFileReference; fileEncoding = 4; lastKnownFileType = sourcecode.swift; path = AddSamplesTableViewController.swift; sourceTree = "<group>"; };
		12EFE0E21C27BD5800242079 /* InfinitySample.app */ = {isa = PBXFileReference; explicitFileType = wrapper.application; includeInIndex = 0; path = InfinitySample.app; sourceTree = BUILT_PRODUCTS_DIR; };
		12EFE0E51C27BD5800242079 /* AppDelegate.swift */ = {isa = PBXFileReference; lastKnownFileType = sourcecode.swift; path = AppDelegate.swift; sourceTree = "<group>"; };
		12EFE0EA1C27BD5800242079 /* Base */ = {isa = PBXFileReference; lastKnownFileType = file.storyboard; name = Base; path = Base.lproj/Main.storyboard; sourceTree = "<group>"; };
		12EFE0EC1C27BD5800242079 /* Assets.xcassets */ = {isa = PBXFileReference; lastKnownFileType = folder.assetcatalog; path = Assets.xcassets; sourceTree = "<group>"; };
		12EFE0EF1C27BD5900242079 /* Base */ = {isa = PBXFileReference; lastKnownFileType = file.storyboard; name = Base; path = Base.lproj/LaunchScreen.storyboard; sourceTree = "<group>"; };
		12EFE0F11C27BD5900242079 /* Info.plist */ = {isa = PBXFileReference; lastKnownFileType = text.plist.xml; path = Info.plist; sourceTree = "<group>"; };
		12EFE0F61C27BD5900242079 /* InfinitySampleTests.xctest */ = {isa = PBXFileReference; explicitFileType = wrapper.cfbundle; includeInIndex = 0; path = InfinitySampleTests.xctest; sourceTree = BUILT_PRODUCTS_DIR; };
		12EFE0FA1C27BD5900242079 /* InfinitySampleTests.swift */ = {isa = PBXFileReference; lastKnownFileType = sourcecode.swift; path = InfinitySampleTests.swift; sourceTree = "<group>"; };
		12EFE0FC1C27BD5900242079 /* Info.plist */ = {isa = PBXFileReference; lastKnownFileType = text.plist.xml; path = Info.plist; sourceTree = "<group>"; };
		12EFE10A1C27BD6A00242079 /* Infinity.framework */ = {isa = PBXFileReference; explicitFileType = wrapper.framework; includeInIndex = 0; path = Infinity.framework; sourceTree = BUILT_PRODUCTS_DIR; };
		12EFE10C1C27BD6A00242079 /* Infinity.h */ = {isa = PBXFileReference; lastKnownFileType = sourcecode.c.h; path = Infinity.h; sourceTree = "<group>"; };
		12EFE10E1C27BD6A00242079 /* Info.plist */ = {isa = PBXFileReference; lastKnownFileType = text.plist.xml; path = Info.plist; sourceTree = "<group>"; };
		12EFE1131C27BD6A00242079 /* InfinityTests.xctest */ = {isa = PBXFileReference; explicitFileType = wrapper.cfbundle; includeInIndex = 0; path = InfinityTests.xctest; sourceTree = BUILT_PRODUCTS_DIR; };
		12EFE11A1C27BD6A00242079 /* InfinityTests.swift */ = {isa = PBXFileReference; lastKnownFileType = sourcecode.swift; path = InfinityTests.swift; sourceTree = "<group>"; };
		12EFE11C1C27BD6A00242079 /* Info.plist */ = {isa = PBXFileReference; lastKnownFileType = text.plist.xml; path = Info.plist; sourceTree = "<group>"; };
		12EFE1281C27BD7A00242079 /* UIScrollView+Infinity.swift */ = {isa = PBXFileReference; fileEncoding = 4; lastKnownFileType = sourcecode.swift; path = "UIScrollView+Infinity.swift"; sourceTree = "<group>"; };
		12EFE12A1C27BDE300242079 /* PullToRefresher.swift */ = {isa = PBXFileReference; fileEncoding = 4; lastKnownFileType = sourcecode.swift; path = PullToRefresher.swift; sourceTree = "<group>"; };
		12EFE12C1C27BDED00242079 /* InfiniteScroller.swift */ = {isa = PBXFileReference; fileEncoding = 4; lastKnownFileType = sourcecode.swift; path = InfiniteScroller.swift; sourceTree = "<group>"; };
/* End PBXFileReference section */

/* Begin PBXFrameworksBuildPhase section */
		12EFE0DF1C27BD5800242079 /* Frameworks */ = {
			isa = PBXFrameworksBuildPhase;
			buildActionMask = 2147483647;
			files = (
				12EFE11F1C27BD6A00242079 /* Infinity.framework in Frameworks */,
			);
			runOnlyForDeploymentPostprocessing = 0;
		};
		12EFE0F31C27BD5900242079 /* Frameworks */ = {
			isa = PBXFrameworksBuildPhase;
			buildActionMask = 2147483647;
			files = (
			);
			runOnlyForDeploymentPostprocessing = 0;
		};
		12EFE1061C27BD6A00242079 /* Frameworks */ = {
			isa = PBXFrameworksBuildPhase;
			buildActionMask = 2147483647;
			files = (
			);
			runOnlyForDeploymentPostprocessing = 0;
		};
		12EFE1101C27BD6A00242079 /* Frameworks */ = {
			isa = PBXFrameworksBuildPhase;
			buildActionMask = 2147483647;
			files = (
				12EFE1141C27BD6A00242079 /* Infinity.framework in Frameworks */,
			);
			runOnlyForDeploymentPostprocessing = 0;
		};
/* End PBXFrameworksBuildPhase section */

/* Begin PBXGroup section */
		126ABE061C2AD8BC004F3E48 /* gif */ = {
			isa = PBXGroup;
			children = (
				126ABE071C2AD8CF004F3E48 /* GIFRefreshAnimator.swift */,
				126ABE091C2AD8DD004F3E48 /* GIFInfinityAnimator.swift */,
			);
			path = gif;
			sourceTree = "<group>";
		};
		126ABE0C1C2AD926004F3E48 /* normal */ = {
			isa = PBXGroup;
			children = (
				126ABE0D1C2AD934004F3E48 /* NormalRefreshAnimator.swift */,
				126ABE0F1C2AD941004F3E48 /* NormalInfinityAnimator.swift */,
			);
			path = normal;
			sourceTree = "<group>";
		};
		128EE13A1C98301700FDCDA0 /* arrow */ = {
			isa = PBXGroup;
			children = (
				128EE13B1C98301700FDCDA0 /* ArrowRefreshAnimator.swift */,
			);
			path = arrow;
			sourceTree = "<group>";
		};
		128EE13C1C98301700FDCDA0 /* circle */ = {
			isa = PBXGroup;
			children = (
				128EE1481C98306800FDCDA0 /* CircleInfinityAnimator.swift */,
				128EE1491C98306800FDCDA0 /* CircleRefreshAnimator.swift */,
			);
			path = circle;
			sourceTree = "<group>";
		};
		128EE13D1C98301700FDCDA0 /* snake */ = {
			isa = PBXGroup;
			children = (
				128EE13E1C98301700FDCDA0 /* SnakeInfinityAnimator.swift */,
				128EE13F1C98301700FDCDA0 /* SnakeRefreshAnimator.swift */,
			);
			path = snake;
			sourceTree = "<group>";
		};
		128EE1401C98301700FDCDA0 /* spark */ = {
			isa = PBXGroup;
			children = (
				128EE1411C98301700FDCDA0 /* SparkInfinityAnimator.swift */,
				128EE1421C98301700FDCDA0 /* SparkRefreshAnimator.swift */,
			);
			path = spark;
			sourceTree = "<group>";
		};
		129972A01C2A77C80093828B /* Controls */ = {
			isa = PBXGroup;
			children = (
				128EE13A1C98301700FDCDA0 /* arrow */,
				128EE13C1C98301700FDCDA0 /* circle */,
				128EE13D1C98301700FDCDA0 /* snake */,
				128EE1401C98301700FDCDA0 /* spark */,
				126ABE0C1C2AD926004F3E48 /* normal */,
				126ABE061C2AD8BC004F3E48 /* gif */,
				129972A11C2A77C80093828B /* default */,
			);
			name = Controls;
			path = controls;
			sourceTree = "<group>";
		};
		129972A11C2A77C80093828B /* default */ = {
			isa = PBXGroup;
			children = (
				129972A31C2A77C80093828B /* DefaultRefreshAnimator.swift */,
				129972A21C2A77C80093828B /* DefaultInfinityAnimator.swift */,
			);
			path = default;
			sourceTree = "<group>";
		};
		12EFE0D91C27BD5800242079 = {
			isa = PBXGroup;
			children = (
				12EFE0E41C27BD5800242079 /* InfinitySample */,
				12EFE0F91C27BD5900242079 /* InfinitySampleTests */,
				12EFE10B1C27BD6A00242079 /* Infinity */,
				12EFE1191C27BD6A00242079 /* InfinityTests */,
				12EFE0E31C27BD5800242079 /* Products */,
			);
			sourceTree = "<group>";
		};
		12EFE0E31C27BD5800242079 /* Products */ = {
			isa = PBXGroup;
			children = (
				12EFE0E21C27BD5800242079 /* InfinitySample.app */,
				12EFE0F61C27BD5900242079 /* InfinitySampleTests.xctest */,
				12EFE10A1C27BD6A00242079 /* Infinity.framework */,
				12EFE1131C27BD6A00242079 /* InfinityTests.xctest */,
			);
			name = Products;
			sourceTree = "<group>";
		};
		12EFE0E41C27BD5800242079 /* InfinitySample */ = {
			isa = PBXGroup;
			children = (
				12EFE0E51C27BD5800242079 /* AppDelegate.swift */,
				12EA49501C292FA900FDD8F4 /* Main1TableViewController.swift */,
				12EA49581C29322300FDD8F4 /* Main2TableViewController.swift */,
				12EA495A1C29323100FDD8F4 /* AddSamplesTableViewController.swift */,
				1249A1061C2BBFA100212C5D /* BindSamplesTableViewController.swift */,
				1249A1081C2BE5EB00212C5D /* sample-gif.xcassets */,
				12EFE0E91C27BD5800242079 /* Main.storyboard */,
				12EFE0EC1C27BD5800242079 /* Assets.xcassets */,
				12EFE0EE1C27BD5900242079 /* LaunchScreen.storyboard */,
				12EFE0F11C27BD5900242079 /* Info.plist */,
			);
			path = InfinitySample;
			sourceTree = "<group>";
		};
		12EFE0F91C27BD5900242079 /* InfinitySampleTests */ = {
			isa = PBXGroup;
			children = (
				12EFE0FA1C27BD5900242079 /* InfinitySampleTests.swift */,
				12EFE0FC1C27BD5900242079 /* Info.plist */,
			);
			path = InfinitySampleTests;
			sourceTree = "<group>";
		};
		12EFE10B1C27BD6A00242079 /* Infinity */ = {
			isa = PBXGroup;
			children = (
				12EFE10C1C27BD6A00242079 /* Infinity.h */,
				12EFE10E1C27BD6A00242079 /* Info.plist */,
				12EFE1281C27BD7A00242079 /* UIScrollView+Infinity.swift */,
				12EFE12A1C27BDE300242079 /* PullToRefresher.swift */,
				12EFE12C1C27BDED00242079 /* InfiniteScroller.swift */,
				129972A01C2A77C80093828B /* Controls */,
			);
			path = Infinity;
			sourceTree = "<group>";
		};
		12EFE1191C27BD6A00242079 /* InfinityTests */ = {
			isa = PBXGroup;
			children = (
				12EFE11A1C27BD6A00242079 /* InfinityTests.swift */,
				12EFE11C1C27BD6A00242079 /* Info.plist */,
			);
			path = InfinityTests;
			sourceTree = "<group>";
		};
/* End PBXGroup section */

/* Begin PBXHeadersBuildPhase section */
		12EFE1071C27BD6A00242079 /* Headers */ = {
			isa = PBXHeadersBuildPhase;
			buildActionMask = 2147483647;
			files = (
				12EFE10D1C27BD6A00242079 /* Infinity.h in Headers */,
			);
			runOnlyForDeploymentPostprocessing = 0;
		};
/* End PBXHeadersBuildPhase section */

/* Begin PBXNativeTarget section */
		12EFE0E11C27BD5800242079 /* InfinitySample */ = {
			isa = PBXNativeTarget;
			buildConfigurationList = 12EFE0FF1C27BD5900242079 /* Build configuration list for PBXNativeTarget "InfinitySample" */;
			buildPhases = (
				12EFE0DE1C27BD5800242079 /* Sources */,
				12EFE0DF1C27BD5800242079 /* Frameworks */,
				12EFE0E01C27BD5800242079 /* Resources */,
				12EFE1241C27BD6A00242079 /* Embed Frameworks */,
			);
			buildRules = (
			);
			dependencies = (
				12EFE11E1C27BD6A00242079 /* PBXTargetDependency */,
			);
			name = InfinitySample;
			productName = InfinitySample;
			productReference = 12EFE0E21C27BD5800242079 /* InfinitySample.app */;
			productType = "com.apple.product-type.application";
		};
		12EFE0F51C27BD5900242079 /* InfinitySampleTests */ = {
			isa = PBXNativeTarget;
			buildConfigurationList = 12EFE1021C27BD5900242079 /* Build configuration list for PBXNativeTarget "InfinitySampleTests" */;
			buildPhases = (
				12EFE0F21C27BD5900242079 /* Sources */,
				12EFE0F31C27BD5900242079 /* Frameworks */,
				12EFE0F41C27BD5900242079 /* Resources */,
			);
			buildRules = (
			);
			dependencies = (
				12EFE0F81C27BD5900242079 /* PBXTargetDependency */,
			);
			name = InfinitySampleTests;
			productName = InfinitySampleTests;
			productReference = 12EFE0F61C27BD5900242079 /* InfinitySampleTests.xctest */;
			productType = "com.apple.product-type.bundle.unit-test";
		};
		12EFE1091C27BD6A00242079 /* Infinity */ = {
			isa = PBXNativeTarget;
			buildConfigurationList = 12EFE1211C27BD6A00242079 /* Build configuration list for PBXNativeTarget "Infinity" */;
			buildPhases = (
				12EFE1051C27BD6A00242079 /* Sources */,
				12EFE1061C27BD6A00242079 /* Frameworks */,
				12EFE1071C27BD6A00242079 /* Headers */,
				12EFE1081C27BD6A00242079 /* Resources */,
			);
			buildRules = (
			);
			dependencies = (
			);
			name = Infinity;
			productName = Infinity;
			productReference = 12EFE10A1C27BD6A00242079 /* Infinity.framework */;
			productType = "com.apple.product-type.framework";
		};
		12EFE1121C27BD6A00242079 /* InfinityTests */ = {
			isa = PBXNativeTarget;
			buildConfigurationList = 12EFE1251C27BD6A00242079 /* Build configuration list for PBXNativeTarget "InfinityTests" */;
			buildPhases = (
				12EFE10F1C27BD6A00242079 /* Sources */,
				12EFE1101C27BD6A00242079 /* Frameworks */,
				12EFE1111C27BD6A00242079 /* Resources */,
			);
			buildRules = (
			);
			dependencies = (
				12EFE1161C27BD6A00242079 /* PBXTargetDependency */,
				12EFE1181C27BD6A00242079 /* PBXTargetDependency */,
			);
			name = InfinityTests;
			productName = InfinityTests;
			productReference = 12EFE1131C27BD6A00242079 /* InfinityTests.xctest */;
			productType = "com.apple.product-type.bundle.unit-test";
		};
/* End PBXNativeTarget section */

/* Begin PBXProject section */
		12EFE0DA1C27BD5800242079 /* Project object */ = {
			isa = PBXProject;
			attributes = {
				LastSwiftUpdateCheck = 0720;
				LastUpgradeCheck = 0800;
				ORGANIZATIONNAME = danis;
				TargetAttributes = {
					000BF0351E150912004EA6C8 = {
						CreatedOnToolsVersion = 8.2;
						ProvisioningStyle = Automatic;
					};
					12EFE0E11C27BD5800242079 = {
						CreatedOnToolsVersion = 7.2;
						DevelopmentTeam = 87EPALR25V;
						LastSwiftMigration = 0800;
					};
					12EFE0F51C27BD5900242079 = {
						CreatedOnToolsVersion = 7.2;
						LastSwiftMigration = 0800;
						TestTargetID = 12EFE0E11C27BD5800242079;
					};
					12EFE1091C27BD6A00242079 = {
						CreatedOnToolsVersion = 7.2;
						LastSwiftMigration = 0800;
					};
					12EFE1121C27BD6A00242079 = {
						CreatedOnToolsVersion = 7.2;
						LastSwiftMigration = 0800;
						TestTargetID = 12EFE0E11C27BD5800242079;
					};
				};
			};
			buildConfigurationList = 12EFE0DD1C27BD5800242079 /* Build configuration list for PBXProject "InfinitySample" */;
			compatibilityVersion = "Xcode 3.2";
			developmentRegion = English;
			hasScannedForEncodings = 0;
			knownRegions = (
				en,
				Base,
			);
			mainGroup = 12EFE0D91C27BD5800242079;
			productRefGroup = 12EFE0E31C27BD5800242079 /* Products */;
			projectDirPath = "";
			projectRoot = "";
			targets = (
				12EFE0E11C27BD5800242079 /* InfinitySample */,
				12EFE0F51C27BD5900242079 /* InfinitySampleTests */,
				12EFE1091C27BD6A00242079 /* Infinity */,
				12EFE1121C27BD6A00242079 /* InfinityTests */,
				000BF0351E150912004EA6C8 /* Comman */,
			);
		};
/* End PBXProject section */

/* Begin PBXResourcesBuildPhase section */
		12EFE0E01C27BD5800242079 /* Resources */ = {
			isa = PBXResourcesBuildPhase;
			buildActionMask = 2147483647;
			files = (
				1249A1091C2BE5EB00212C5D /* sample-gif.xcassets in Resources */,
				12EFE0F01C27BD5900242079 /* LaunchScreen.storyboard in Resources */,
				12EFE0ED1C27BD5800242079 /* Assets.xcassets in Resources */,
				12EFE0EB1C27BD5800242079 /* Main.storyboard in Resources */,
			);
			runOnlyForDeploymentPostprocessing = 0;
		};
		12EFE0F41C27BD5900242079 /* Resources */ = {
			isa = PBXResourcesBuildPhase;
			buildActionMask = 2147483647;
			files = (
			);
			runOnlyForDeploymentPostprocessing = 0;
		};
		12EFE1081C27BD6A00242079 /* Resources */ = {
			isa = PBXResourcesBuildPhase;
			buildActionMask = 2147483647;
			files = (
			);
			runOnlyForDeploymentPostprocessing = 0;
		};
		12EFE1111C27BD6A00242079 /* Resources */ = {
			isa = PBXResourcesBuildPhase;
			buildActionMask = 2147483647;
			files = (
			);
			runOnlyForDeploymentPostprocessing = 0;
		};
/* End PBXResourcesBuildPhase section */

/* Begin PBXShellScriptBuildPhase section */
		000BF0391E15091B004EA6C8 /* ShellScript */ = {
			isa = PBXShellScriptBuildPhase;
			buildActionMask = 2147483647;
			files = (
			);
			inputPaths = (
			);
			outputPaths = (
			);
			runOnlyForDeploymentPostprocessing = 0;
			shellPath = /bin/sh;
			shellScript = "# Sets the target folders and the final framework product.\n# 如果工程名称和Framework的Target名称不一样的话，要自定义FMKNAME\n# 例如: FMK_NAME = \"MyFramework\"\n# FMK_NAME=${PROJECT_NAME}\nFMK_NAME=\"Infinity\"\n# Install dir will be the final output to the framework.\n# The following line create it in the root folder of the current project.\nINSTALL_DIR=${SRCROOT}/Products/${FMK_NAME}.framework\n# Working dir will be deleted after the framework creation.\nWRK_DIR=build\nDEVICE_DIR=${WRK_DIR}/Release-iphoneos/${FMK_NAME}.framework\nSIMULATOR_DIR=${WRK_DIR}/Release-iphonesimulator/${FMK_NAME}.framework\n# -configuration ${CONFIGURATION}\n# Clean and Building both architectures.\nxcodebuild -configuration \"Release\" -target \"${FMK_NAME}\" -sdk iphoneos clean build\nxcodebuild -configuration \"Release\" -target \"${FMK_NAME}\" -sdk iphonesimulator clean build\n# Cleaning the oldest.\nif [ -d \"${INSTALL_DIR}\" ]\nthen\nrm -rf \"${INSTALL_DIR}\"\nfi\nmkdir -p \"${INSTALL_DIR}\"\ncp -R \"${DEVICE_DIR}/\" \"${INSTALL_DIR}/\"\n# Uses the Lipo Tool to merge both binary files (i386 + armv6/armv7) into one Universal final product.\nlipo -create \"${DEVICE_DIR}/${FMK_NAME}\" \"${SIMULATOR_DIR}/${FMK_NAME}\" -output \"${INSTALL_DIR}/${FMK_NAME}\"\nrm -r \"${WRK_DIR}\"\nopen \"${INSTALL_DIR}\"";
		};
/* End PBXShellScriptBuildPhase section */

/* Begin PBXSourcesBuildPhase section */
		12EFE0DE1C27BD5800242079 /* Sources */ = {
			isa = PBXSourcesBuildPhase;
			buildActionMask = 2147483647;
			files = (
				1249A1071C2BBFA100212C5D /* BindSamplesTableViewController.swift in Sources */,
				12EA49591C29322300FDD8F4 /* Main2TableViewController.swift in Sources */,
				12EFE0E61C27BD5800242079 /* AppDelegate.swift in Sources */,
				12EA495B1C29323100FDD8F4 /* AddSamplesTableViewController.swift in Sources */,
				12EA49511C292FA900FDD8F4 /* Main1TableViewController.swift in Sources */,
			);
			runOnlyForDeploymentPostprocessing = 0;
		};
		12EFE0F21C27BD5900242079 /* Sources */ = {
			isa = PBXSourcesBuildPhase;
			buildActionMask = 2147483647;
			files = (
				12EFE0FB1C27BD5900242079 /* InfinitySampleTests.swift in Sources */,
			);
			runOnlyForDeploymentPostprocessing = 0;
		};
		12EFE1051C27BD6A00242079 /* Sources */ = {
			isa = PBXSourcesBuildPhase;
			buildActionMask = 2147483647;
			files = (
				128EE1471C98301700FDCDA0 /* SparkRefreshAnimator.swift in Sources */,
				128EE1441C98301700FDCDA0 /* SnakeInfinityAnimator.swift in Sources */,
				128EE14B1C98306800FDCDA0 /* CircleRefreshAnimator.swift in Sources */,
				128EE1461C98301700FDCDA0 /* SparkInfinityAnimator.swift in Sources */,
				12EFE12D1C27BDED00242079 /* InfiniteScroller.swift in Sources */,
				12EFE12B1C27BDE300242079 /* PullToRefresher.swift in Sources */,
				126ABE101C2AD941004F3E48 /* NormalInfinityAnimator.swift in Sources */,
				126ABE0A1C2AD8DD004F3E48 /* GIFInfinityAnimator.swift in Sources */,
				126ABE0E1C2AD934004F3E48 /* NormalRefreshAnimator.swift in Sources */,
				128EE1451C98301700FDCDA0 /* SnakeRefreshAnimator.swift in Sources */,
				126ABE081C2AD8CF004F3E48 /* GIFRefreshAnimator.swift in Sources */,
				129972A41C2A77C80093828B /* DefaultInfinityAnimator.swift in Sources */,
				12EFE1291C27BD7A00242079 /* UIScrollView+Infinity.swift in Sources */,
				129972A51C2A77C80093828B /* DefaultRefreshAnimator.swift in Sources */,
				128EE14A1C98306800FDCDA0 /* CircleInfinityAnimator.swift in Sources */,
				128EE1431C98301700FDCDA0 /* ArrowRefreshAnimator.swift in Sources */,
			);
			runOnlyForDeploymentPostprocessing = 0;
		};
		12EFE10F1C27BD6A00242079 /* Sources */ = {
			isa = PBXSourcesBuildPhase;
			buildActionMask = 2147483647;
			files = (
				12EFE11B1C27BD6A00242079 /* InfinityTests.swift in Sources */,
			);
			runOnlyForDeploymentPostprocessing = 0;
		};
/* End PBXSourcesBuildPhase section */

/* Begin PBXTargetDependency section */
		12EFE0F81C27BD5900242079 /* PBXTargetDependency */ = {
			isa = PBXTargetDependency;
			target = 12EFE0E11C27BD5800242079 /* InfinitySample */;
			targetProxy = 12EFE0F71C27BD5900242079 /* PBXContainerItemProxy */;
		};
		12EFE1161C27BD6A00242079 /* PBXTargetDependency */ = {
			isa = PBXTargetDependency;
			target = 12EFE1091C27BD6A00242079 /* Infinity */;
			targetProxy = 12EFE1151C27BD6A00242079 /* PBXContainerItemProxy */;
		};
		12EFE1181C27BD6A00242079 /* PBXTargetDependency */ = {
			isa = PBXTargetDependency;
			target = 12EFE0E11C27BD5800242079 /* InfinitySample */;
			targetProxy = 12EFE1171C27BD6A00242079 /* PBXContainerItemProxy */;
		};
		12EFE11E1C27BD6A00242079 /* PBXTargetDependency */ = {
			isa = PBXTargetDependency;
			target = 12EFE1091C27BD6A00242079 /* Infinity */;
			targetProxy = 12EFE11D1C27BD6A00242079 /* PBXContainerItemProxy */;
		};
/* End PBXTargetDependency section */

/* Begin PBXVariantGroup section */
		12EFE0E91C27BD5800242079 /* Main.storyboard */ = {
			isa = PBXVariantGroup;
			children = (
				12EFE0EA1C27BD5800242079 /* Base */,
			);
			name = Main.storyboard;
			sourceTree = "<group>";
		};
		12EFE0EE1C27BD5900242079 /* LaunchScreen.storyboard */ = {
			isa = PBXVariantGroup;
			children = (
				12EFE0EF1C27BD5900242079 /* Base */,
			);
			name = LaunchScreen.storyboard;
			sourceTree = "<group>";
		};
/* End PBXVariantGroup section */

/* Begin XCBuildConfiguration section */
		000BF0361E150912004EA6C8 /* Debug */ = {
			isa = XCBuildConfiguration;
			buildSettings = {
				PRODUCT_NAME = "$(TARGET_NAME)";
			};
			name = Debug;
		};
		000BF0371E150912004EA6C8 /* Release */ = {
			isa = XCBuildConfiguration;
			buildSettings = {
				PRODUCT_NAME = "$(TARGET_NAME)";
			};
			name = Release;
		};
		12EFE0FD1C27BD5900242079 /* Debug */ = {
			isa = XCBuildConfiguration;
			buildSettings = {
				ALWAYS_SEARCH_USER_PATHS = NO;
				CLANG_CXX_LANGUAGE_STANDARD = "gnu++0x";
				CLANG_CXX_LIBRARY = "libc++";
				CLANG_ENABLE_MODULES = YES;
				CLANG_ENABLE_OBJC_ARC = YES;
				CLANG_WARN_BOOL_CONVERSION = YES;
				CLANG_WARN_CONSTANT_CONVERSION = YES;
				CLANG_WARN_DIRECT_OBJC_ISA_USAGE = YES_ERROR;
				CLANG_WARN_EMPTY_BODY = YES;
				CLANG_WARN_ENUM_CONVERSION = YES;
				CLANG_WARN_INFINITE_RECURSION = YES;
				CLANG_WARN_INT_CONVERSION = YES;
				CLANG_WARN_OBJC_ROOT_CLASS = YES_ERROR;
				CLANG_WARN_SUSPICIOUS_MOVE = YES;
				CLANG_WARN_UNREACHABLE_CODE = YES;
				CLANG_WARN__DUPLICATE_METHOD_MATCH = YES;
				"CODE_SIGN_IDENTITY[sdk=iphoneos*]" = "iPhone Developer";
				COPY_PHASE_STRIP = NO;
				DEBUG_INFORMATION_FORMAT = dwarf;
				ENABLE_STRICT_OBJC_MSGSEND = YES;
				ENABLE_TESTABILITY = YES;
				GCC_C_LANGUAGE_STANDARD = gnu99;
				GCC_DYNAMIC_NO_PIC = NO;
				GCC_NO_COMMON_BLOCKS = YES;
				GCC_OPTIMIZATION_LEVEL = 0;
				GCC_PREPROCESSOR_DEFINITIONS = (
					"DEBUG=1",
					"$(inherited)",
				);
				GCC_WARN_64_TO_32_BIT_CONVERSION = YES;
				GCC_WARN_ABOUT_RETURN_TYPE = YES_ERROR;
				GCC_WARN_UNDECLARED_SELECTOR = YES;
				GCC_WARN_UNINITIALIZED_AUTOS = YES_AGGRESSIVE;
				GCC_WARN_UNUSED_FUNCTION = YES;
				GCC_WARN_UNUSED_VARIABLE = YES;
				IPHONEOS_DEPLOYMENT_TARGET = 9.2;
				MTL_ENABLE_DEBUG_INFO = YES;
				ONLY_ACTIVE_ARCH = YES;
				SDKROOT = iphoneos;
				SWIFT_OPTIMIZATION_LEVEL = "-Onone";
			};
			name = Debug;
		};
		12EFE0FE1C27BD5900242079 /* Release */ = {
			isa = XCBuildConfiguration;
			buildSettings = {
				ALWAYS_SEARCH_USER_PATHS = NO;
				CLANG_CXX_LANGUAGE_STANDARD = "gnu++0x";
				CLANG_CXX_LIBRARY = "libc++";
				CLANG_ENABLE_MODULES = YES;
				CLANG_ENABLE_OBJC_ARC = YES;
				CLANG_WARN_BOOL_CONVERSION = YES;
				CLANG_WARN_CONSTANT_CONVERSION = YES;
				CLANG_WARN_DIRECT_OBJC_ISA_USAGE = YES_ERROR;
				CLANG_WARN_EMPTY_BODY = YES;
				CLANG_WARN_ENUM_CONVERSION = YES;
				CLANG_WARN_INFINITE_RECURSION = YES;
				CLANG_WARN_INT_CONVERSION = YES;
				CLANG_WARN_OBJC_ROOT_CLASS = YES_ERROR;
				CLANG_WARN_SUSPICIOUS_MOVE = YES;
				CLANG_WARN_UNREACHABLE_CODE = YES;
				CLANG_WARN__DUPLICATE_METHOD_MATCH = YES;
				"CODE_SIGN_IDENTITY[sdk=iphoneos*]" = "iPhone Developer";
				COPY_PHASE_STRIP = NO;
				DEBUG_INFORMATION_FORMAT = "dwarf-with-dsym";
				ENABLE_NS_ASSERTIONS = NO;
				ENABLE_STRICT_OBJC_MSGSEND = YES;
				GCC_C_LANGUAGE_STANDARD = gnu99;
				GCC_NO_COMMON_BLOCKS = YES;
				GCC_WARN_64_TO_32_BIT_CONVERSION = YES;
				GCC_WARN_ABOUT_RETURN_TYPE = YES_ERROR;
				GCC_WARN_UNDECLARED_SELECTOR = YES;
				GCC_WARN_UNINITIALIZED_AUTOS = YES_AGGRESSIVE;
				GCC_WARN_UNUSED_FUNCTION = YES;
				GCC_WARN_UNUSED_VARIABLE = YES;
				IPHONEOS_DEPLOYMENT_TARGET = 9.2;
				MTL_ENABLE_DEBUG_INFO = NO;
				SDKROOT = iphoneos;
				SWIFT_OPTIMIZATION_LEVEL = "-Owholemodule";
				VALIDATE_PRODUCT = YES;
			};
			name = Release;
		};
		12EFE1001C27BD5900242079 /* Debug */ = {
			isa = XCBuildConfiguration;
			buildSettings = {
				ALWAYS_EMBED_SWIFT_STANDARD_LIBRARIES = YES;
				ASSETCATALOG_COMPILER_APPICON_NAME = AppIcon;
				CODE_SIGN_IDENTITY = "iPhone Developer";
				"CODE_SIGN_IDENTITY[sdk=iphoneos*]" = "iPhone Distribution";
				DEVELOPMENT_TEAM = 87EPALR25V;
				INFOPLIST_FILE = InfinitySample/Info.plist;
				IPHONEOS_DEPLOYMENT_TARGET = 8.0;
				LD_RUNPATH_SEARCH_PATHS = "$(inherited) @executable_path/Frameworks";
				PRODUCT_BUNDLE_IDENTIFIER = com.danis.InfinitySample;
				PRODUCT_NAME = "$(TARGET_NAME)";
				PROVISIONING_PROFILE = "a9d24a71-6002-495f-8c84-eed2672e6f52";
				PROVISIONING_PROFILE_SPECIFIER = "XC Ad Hoc: *";
				SWIFT_VERSION = 3.0;
			};
			name = Debug;
		};
		12EFE1011C27BD5900242079 /* Release */ = {
			isa = XCBuildConfiguration;
			buildSettings = {
				ALWAYS_EMBED_SWIFT_STANDARD_LIBRARIES = YES;
				ASSETCATALOG_COMPILER_APPICON_NAME = AppIcon;
				CODE_SIGN_IDENTITY = "iPhone Developer";
				INFOPLIST_FILE = InfinitySample/Info.plist;
				IPHONEOS_DEPLOYMENT_TARGET = 8.0;
				LD_RUNPATH_SEARCH_PATHS = "$(inherited) @executable_path/Frameworks";
				PRODUCT_BUNDLE_IDENTIFIER = com.danis.InfinitySample;
				PRODUCT_NAME = "$(TARGET_NAME)";
				PROVISIONING_PROFILE = "13b89b0d-06b6-469d-80dc-97326f947718";
				SWIFT_VERSION = 3.0;
			};
			name = Release;
		};
		12EFE1031C27BD5900242079 /* Debug */ = {
			isa = XCBuildConfiguration;
			buildSettings = {
				BUNDLE_LOADER = "$(TEST_HOST)";
				INFOPLIST_FILE = InfinitySampleTests/Info.plist;
				LD_RUNPATH_SEARCH_PATHS = "$(inherited) @executable_path/Frameworks @loader_path/Frameworks";
				PRODUCT_BUNDLE_IDENTIFIER = com.danis.InfinitySampleTests;
				PRODUCT_NAME = "$(TARGET_NAME)";
				SWIFT_VERSION = 3.0;
				TEST_HOST = "$(BUILT_PRODUCTS_DIR)/InfinitySample.app/InfinitySample";
			};
			name = Debug;
		};
		12EFE1041C27BD5900242079 /* Release */ = {
			isa = XCBuildConfiguration;
			buildSettings = {
				BUNDLE_LOADER = "$(TEST_HOST)";
				INFOPLIST_FILE = InfinitySampleTests/Info.plist;
				LD_RUNPATH_SEARCH_PATHS = "$(inherited) @executable_path/Frameworks @loader_path/Frameworks";
				PRODUCT_BUNDLE_IDENTIFIER = com.danis.InfinitySampleTests;
				PRODUCT_NAME = "$(TARGET_NAME)";
				SWIFT_VERSION = 3.0;
				TEST_HOST = "$(BUILT_PRODUCTS_DIR)/InfinitySample.app/InfinitySample";
			};
			name = Release;
		};
		12EFE1221C27BD6A00242079 /* Debug */ = {
			isa = XCBuildConfiguration;
			buildSettings = {
				CLANG_ENABLE_MODULES = YES;
				"CODE_SIGN_IDENTITY[sdk=iphoneos*]" = "";
				CURRENT_PROJECT_VERSION = 1;
				DEFINES_MODULE = YES;
				DYLIB_COMPATIBILITY_VERSION = 1;
				DYLIB_CURRENT_VERSION = 1;
				DYLIB_INSTALL_NAME_BASE = "@rpath";
				INFOPLIST_FILE = Infinity/Info.plist;
				INSTALL_PATH = "$(LOCAL_LIBRARY_DIR)/Frameworks";
				IPHONEOS_DEPLOYMENT_TARGET = 8.0;
				LD_RUNPATH_SEARCH_PATHS = "$(inherited) @executable_path/Frameworks @loader_path/Frameworks";
				PRODUCT_BUNDLE_IDENTIFIER = com.danis.Infinity;
				PRODUCT_NAME = "$(TARGET_NAME)";
				SKIP_INSTALL = YES;
				SWIFT_OPTIMIZATION_LEVEL = "-Onone";
				SWIFT_VERSION = 3.0;
				TARGETED_DEVICE_FAMILY = "1,2";
				VERSIONING_SYSTEM = "apple-generic";
				VERSION_INFO_PREFIX = "";
			};
			name = Debug;
		};
		12EFE1231C27BD6A00242079 /* Release */ = {
			isa = XCBuildConfiguration;
			buildSettings = {
				CLANG_ENABLE_MODULES = YES;
				"CODE_SIGN_IDENTITY[sdk=iphoneos*]" = "";
				CURRENT_PROJECT_VERSION = 1;
				DEFINES_MODULE = YES;
				DYLIB_COMPATIBILITY_VERSION = 1;
				DYLIB_CURRENT_VERSION = 1;
				DYLIB_INSTALL_NAME_BASE = "@rpath";
				INFOPLIST_FILE = Infinity/Info.plist;
				INSTALL_PATH = "$(LOCAL_LIBRARY_DIR)/Frameworks";
				IPHONEOS_DEPLOYMENT_TARGET = 8.0;
				LD_RUNPATH_SEARCH_PATHS = "$(inherited) @executable_path/Frameworks @loader_path/Frameworks";
				PRODUCT_BUNDLE_IDENTIFIER = com.danis.Infinity;
				PRODUCT_NAME = "$(TARGET_NAME)";
				SKIP_INSTALL = YES;
				SWIFT_VERSION = 3.0;
				TARGETED_DEVICE_FAMILY = "1,2";
				VERSIONING_SYSTEM = "apple-generic";
				VERSION_INFO_PREFIX = "";
			};
			name = Release;
		};
		12EFE1261C27BD6A00242079 /* Debug */ = {
			isa = XCBuildConfiguration;
			buildSettings = {
				INFOPLIST_FILE = InfinityTests/Info.plist;
				LD_RUNPATH_SEARCH_PATHS = "$(inherited) @executable_path/Frameworks @loader_path/Frameworks";
				PRODUCT_BUNDLE_IDENTIFIER = com.danis.InfinityTests;
				PRODUCT_NAME = "$(TARGET_NAME)";
				SWIFT_VERSION = 3.0;
				TEST_HOST = "$(BUILT_PRODUCTS_DIR)/InfinitySample.app/InfinitySample";
			};
			name = Debug;
		};
		12EFE1271C27BD6A00242079 /* Release */ = {
			isa = XCBuildConfiguration;
			buildSettings = {
				INFOPLIST_FILE = InfinityTests/Info.plist;
				LD_RUNPATH_SEARCH_PATHS = "$(inherited) @executable_path/Frameworks @loader_path/Frameworks";
				PRODUCT_BUNDLE_IDENTIFIER = com.danis.InfinityTests;
				PRODUCT_NAME = "$(TARGET_NAME)";
				SWIFT_VERSION = 3.0;
				TEST_HOST = "$(BUILT_PRODUCTS_DIR)/InfinitySample.app/InfinitySample";
			};
			name = Release;
		};
/* End XCBuildConfiguration section */

/* Begin XCConfigurationList section */
		000BF0381E150912004EA6C8 /* Build configuration list for PBXAggregateTarget "Comman" */ = {
			isa = XCConfigurationList;
			buildConfigurations = (
				000BF0361E150912004EA6C8 /* Debug */,
				000BF0371E150912004EA6C8 /* Release */,
			);
			defaultConfigurationIsVisible = 0;
			defaultConfigurationName = Release;
		};
		12EFE0DD1C27BD5800242079 /* Build configuration list for PBXProject "InfinitySample" */ = {
			isa = XCConfigurationList;
			buildConfigurations = (
				12EFE0FD1C27BD5900242079 /* Debug */,
				12EFE0FE1C27BD5900242079 /* Release */,
			);
			defaultConfigurationIsVisible = 0;
			defaultConfigurationName = Release;
		};
		12EFE0FF1C27BD5900242079 /* Build configuration list for PBXNativeTarget "InfinitySample" */ = {
			isa = XCConfigurationList;
			buildConfigurations = (
				12EFE1001C27BD5900242079 /* Debug */,
				12EFE1011C27BD5900242079 /* Release */,
			);
			defaultConfigurationIsVisible = 0;
			defaultConfigurationName = Release;
		};
		12EFE1021C27BD5900242079 /* Build configuration list for PBXNativeTarget "InfinitySampleTests" */ = {
			isa = XCConfigurationList;
			buildConfigurations = (
				12EFE1031C27BD5900242079 /* Debug */,
				12EFE1041C27BD5900242079 /* Release */,
			);
			defaultConfigurationIsVisible = 0;
			defaultConfigurationName = Release;
		};
		12EFE1211C27BD6A00242079 /* Build configuration list for PBXNativeTarget "Infinity" */ = {
			isa = XCConfigurationList;
			buildConfigurations = (
				12EFE1221C27BD6A00242079 /* Debug */,
				12EFE1231C27BD6A00242079 /* Release */,
			);
			defaultConfigurationIsVisible = 0;
			defaultConfigurationName = Release;
		};
		12EFE1251C27BD6A00242079 /* Build configuration list for PBXNativeTarget "InfinityTests" */ = {
			isa = XCConfigurationList;
			buildConfigurations = (
				12EFE1261C27BD6A00242079 /* Debug */,
				12EFE1271C27BD6A00242079 /* Release */,
			);
			defaultConfigurationIsVisible = 0;
			defaultConfigurationName = Release;
		};
/* End XCConfigurationList section */
	};
	rootObject = 12EFE0DA1C27BD5800242079 /* Project object */;
}
